
Microsoft Visual Studio Solution File, Format Version 12.00
# Visual Studio Version 16
VisualStudioVersion = 16.0.31702.278
MinimumVisualStudioVersion = 10.0.40219.1
Project("{FAE04EC0-301F-11D3-BF4B-00C04F79EFBC}") = "SparkPlug", "SparkPlug\SparkPlug.csproj", "{87E637E8-9446-4A49-AA3D-0103C2556D0B}"
EndProject
Global
	GlobalSection(SolutionConfigurationPlatforms) = preSolution
		Debug|Any CPU = Debug|Any CPU
		Release|Any CPU = Release|Any CPU
	EndGlobalSection
	GlobalSection(ProjectConfigurationPlatforms) = postSolution
		{87E637E8-9446-4A49-AA3D-0103C2556D0B}.Debug|Any CPU.ActiveCfg = Debug|Any CPU
		{87E637E8-9446-4A49-AA3D-0103C2556D0B}.Debug|Any CPU.Build.0 = Debug|Any CPU
		{87E637E8-9446-4A49-AA3D-0103C2556D0B}.Release|Any CPU.ActiveCfg = Release|Any CPU
		{87E637E8-9446-4A49-AA3D-0103C2556D0B}.Release|Any CPU.Build.0 = Release|Any CPU
	EndGlobalSection
	GlobalSection(SolutionProperties) = preSolution
		HideSolutionNode = FALSE
	EndGlobalSection
	GlobalSection(ExtensibilityGlobals) = postSolution
		SolutionGuid = {6F8EA425-1E4A-43C9-8319-E635DC84A864}
	EndGlobalSection
EndGlobal
